// !$*UTF8*$!
{
	archiveVersion = 1;
	classes = {
	};
	objectVersion = 48;
	objects = {

/* Begin PBXBuildFile section */
		8942787B1FBF57C20015A622 /* AppDelegate.swift in Sources */ = {isa = PBXBuildFile; fileRef = 8942787A1FBF57C20015A622 /* AppDelegate.swift */; };
		8942787D1FBF57C20015A622 /* ContactViewController.swift in Sources */ = {isa = PBXBuildFile; fileRef = 8942787C1FBF57C20015A622 /* ContactViewController.swift */; };
		894278801FBF57C20015A622 /* Main.storyboard in Resources */ = {isa = PBXBuildFile; fileRef = 8942787E1FBF57C20015A622 /* Main.storyboard */; };
		894278831FBF57C20015A622 /* iosFinal_Chuck.xcdatamodeld in Sources */ = {isa = PBXBuildFile; fileRef = 894278811FBF57C20015A622 /* iosFinal_Chuck.xcdatamodeld */; };
		894278851FBF57C20015A622 /* Assets.xcassets in Resources */ = {isa = PBXBuildFile; fileRef = 894278841FBF57C20015A622 /* Assets.xcassets */; };
		894278881FBF57C20015A622 /* LaunchScreen.storyboard in Resources */ = {isa = PBXBuildFile; fileRef = 894278861FBF57C20015A622 /* LaunchScreen.storyboard */; };
		894278901FBF5C9D0015A622 /* EditViewController.swift in Sources */ = {isa = PBXBuildFile; fileRef = 8942788F1FBF5C9D0015A622 /* EditViewController.swift */; };
		894278921FBF5EFA0015A622 /* contactDelegate.swift in Sources */ = {isa = PBXBuildFile; fileRef = 894278911FBF5EFA0015A622 /* contactDelegate.swift */; };
		894278941FBF7CFC0015A622 /* ViewViewController.swift in Sources */ = {isa = PBXBuildFile; fileRef = 894278931FBF7CFC0015A622 /* ViewViewController.swift */; };
/* End PBXBuildFile section */

/* Begin PBXFileReference section */
		894278771FBF57C20015A622 /* iosFinal-Chuck.app */ = {isa = PBXFileReference; explicitFileType = wrapper.application; includeInIndex = 0; path = "iosFinal-Chuck.app"; sourceTree = BUILT_PRODUCTS_DIR; };
		8942787A1FBF57C20015A622 /* AppDelegate.swift */ = {isa = PBXFileReference; lastKnownFileType = sourcecode.swift; path = AppDelegate.swift; sourceTree = "<group>"; };
		8942787C1FBF57C20015A622 /* ContactViewController.swift */ = {isa = PBXFileReference; lastKnownFileType = sourcecode.swift; path = ContactViewController.swift; sourceTree = "<group>"; };
		8942787F1FBF57C20015A622 /* Base */ = {isa = PBXFileReference; lastKnownFileType = file.storyboard; name = Base; path = Base.lproj/Main.storyboard; sourceTree = "<group>"; };
		894278821FBF57C20015A622 /* iosFinal_Chuck.xcdatamodel */ = {isa = PBXFileReference; lastKnownFileType = wrapper.xcdatamodel; path = iosFinal_Chuck.xcdatamodel; sourceTree = "<group>"; };
		894278841FBF57C20015A622 /* Assets.xcassets */ = {isa = PBXFileReference; lastKnownFileType = folder.assetcatalog; path = Assets.xcassets; sourceTree = "<group>"; };
		894278871FBF57C20015A622 /* Base */ = {isa = PBXFileReference; lastKnownFileType = file.storyboard; name = Base; path = Base.lproj/LaunchScreen.storyboard; sourceTree = "<group>"; };
		894278891FBF57C20015A622 /* Info.plist */ = {isa = PBXFileReference; lastKnownFileType = text.plist.xml; path = Info.plist; sourceTree = "<group>"; };
		8942788F1FBF5C9D0015A622 /* EditViewController.swift */ = {isa = PBXFileReference; lastKnownFileType = sourcecode.swift; path = EditViewController.swift; sourceTree = "<group>"; };
		894278911FBF5EFA0015A622 /* contactDelegate.swift */ = {isa = PBXFileReference; lastKnownFileType = sourcecode.swift; path = contactDelegate.swift; sourceTree = "<group>"; };
		894278931FBF7CFC0015A622 /* ViewViewController.swift */ = {isa = PBXFileReference; lastKnownFileType = sourcecode.swift; path = ViewViewController.swift; sourceTree = "<group>"; };
/* End PBXFileReference section */

/* Begin PBXFrameworksBuildPhase section */
		894278741FBF57C20015A622 /* Frameworks */ = {
			isa = PBXFrameworksBuildPhase;
			buildActionMask = 2147483647;
			files = (
			);
			runOnlyForDeploymentPostprocessing = 0;
		};
/* End PBXFrameworksBuildPhase section */

/* Begin PBXGroup section */
		8942786E1FBF57C20015A622 = {
			isa = PBXGroup;
			children = (
				894278791FBF57C20015A622 /* iosFinal-Chuck */,
				894278781FBF57C20015A622 /* Products */,
			);
			sourceTree = "<group>";
		};
		894278781FBF57C20015A622 /* Products */ = {
			isa = PBXGroup;
			children = (
				894278771FBF57C20015A622 /* iosFinal-Chuck.app */,
			);
			name = Products;
			sourceTree = "<group>";
		};
		894278791FBF57C20015A622 /* iosFinal-Chuck */ = {
			isa = PBXGroup;
			children = (
				8942787A1FBF57C20015A622 /* AppDelegate.swift */,
				8942787C1FBF57C20015A622 /* ContactViewController.swift */,
				894278911FBF5EFA0015A622 /* contactDelegate.swift */,
				8942787E1FBF57C20015A622 /* Main.storyboard */,
				894278931FBF7CFC0015A622 /* ViewViewController.swift */,
				8942788F1FBF5C9D0015A622 /* EditViewController.swift */,
				894278841FBF57C20015A622 /* Assets.xcassets */,
				894278861FBF57C20015A622 /* LaunchScreen.storyboard */,
				894278891FBF57C20015A622 /* Info.plist */,
				894278811FBF57C20015A622 /* iosFinal_Chuck.xcdatamodeld */,
			);
			path = "iosFinal-Chuck";
			sourceTree = "<group>";
		};
/* End PBXGroup section */

/* Begin PBXNativeTarget section */
		894278761FBF57C20015A622 /* iosFinal-Chuck */ = {
			isa = PBXNativeTarget;
			buildConfigurationList = 8942788C1FBF57C20015A622 /* Build configuration list for PBXNativeTarget "iosFinal-Chuck" */;
			buildPhases = (
				894278731FBF57C20015A622 /* Sources */,
				894278741FBF57C20015A622 /* Frameworks */,
				894278751FBF57C20015A622 /* Resources */,
			);
			buildRules = (
			);
			dependencies = (
			);
			name = "iosFinal-Chuck";
			productName = "iosFinal-Chuck";
			productReference = 894278771FBF57C20015A622 /* iosFinal-Chuck.app */;
			productType = "com.apple.product-type.application";
		};
/* End PBXNativeTarget section */

/* Begin PBXProject section */
		8942786F1FBF57C20015A622 /* Project object */ = {
			isa = PBXProject;
			attributes = {
				LastSwiftUpdateCheck = 0900;
				LastUpgradeCheck = 0900;
				ORGANIZATIONNAME = "Chucks Mac Book";
				TargetAttributes = {
					894278761FBF57C20015A622 = {
						CreatedOnToolsVersion = 9.0.1;
						ProvisioningStyle = Automatic;
					};
				};
			};
			buildConfigurationList = 894278721FBF57C20015A622 /* Build configuration list for PBXProject "iosFinal-Chuck" */;
			compatibilityVersion = "Xcode 8.0";
			developmentRegion = en;
			hasScannedForEncodings = 0;
			knownRegions = (
				en,
				Base,
			);
			mainGroup = 8942786E1FBF57C20015A622;
			productRefGroup = 894278781FBF57C20015A622 /* Products */;
			projectDirPath = "";
			projectRoot = "";
			targets = (
				894278761FBF57C20015A622 /* iosFinal-Chuck */,
			);
		};
/* End PBXProject section */

/* Begin PBXResourcesBuildPhase section */
		894278751FBF57C20015A622 /* Resources */ = {
			isa = PBXResourcesBuildPhase;
			buildActionMask = 2147483647;
			files = (
				894278881FBF57C20015A622 /* LaunchScreen.storyboard in Resources */,
				894278851FBF57C20015A622 /* Assets.xcassets in Resources */,
				894278801FBF57C20015A622 /* Main.storyboard in Resources */,
			);
			runOnlyForDeploymentPostprocessing = 0;
		};
/* End PBXResourcesBuildPhase section */

/* Begin PBXSourcesBuildPhase section */
		894278731FBF57C20015A622 /* Sources */ = {
			isa = PBXSourcesBuildPhase;
			buildActionMask = 2147483647;
			files = (
				894278921FBF5EFA0015A622 /* contactDelegate.swift in Sources */,
				894278901FBF5C9D0015A622 /* EditViewController.swift in Sources */,
				8942787D1FBF57C20015A622 /* ContactViewController.swift in Sources */,
				894278941FBF7CFC0015A622 /* ViewViewController.swift in Sources */,
				8942787B1FBF57C20015A622 /* AppDelegate.swift in Sources */,
				894278831FBF57C20015A622 /* iosFinal_Chuck.xcdatamodeld in Sources */,
			);
			runOnlyForDeploymentPostprocessing = 0;
		};
/* End PBXSourcesBuildPhase section */

/* Begin PBXVariantGroup section */
		8942787E1FBF57C20015A622 /* Main.storyboard */ = {
			isa = PBXVariantGroup;
			children = (
				8942787F1FBF57C20015A622 /* Base */,
			);
			name = Main.storyboard;
			sourceTree = "<group>";
		};
		894278861FBF57C20015A622 /* LaunchScreen.storyboard */ = {
			isa = PBXVariantGroup;
			children = (
				894278871FBF57C20015A622 /* Base */,
			);
			name = LaunchScreen.storyboard;
			sourceTree = "<group>";
		};
/* End PBXVariantGroup section */

/* Begin XCBuildConfiguration section */
		8942788A1FBF57C20015A622 /* Debug */ = {
			isa = XCBuildConfiguration;
			buildSettings = {
				ALWAYS_SEARCH_USER_PATHS = NO;
				CLANG_ANALYZER_NONNULL = YES;
				CLANG_ANALYZER_NUMBER_OBJECT_CONVERSION = YES_AGGRESSIVE;
				CLANG_CXX_LANGUAGE_STANDARD = "gnu++14";
				CLANG_CXX_LIBRARY = "libc++";
				CLANG_ENABLE_MODULES = YES;
				CLANG_ENABLE_OBJC_ARC = YES;
				CLANG_WARN_BLOCK_CAPTURE_AUTORELEASING = YES;
				CLANG_WARN_BOOL_CONVERSION = YES;
				CLANG_WARN_COMMA = YES;
				CLANG_WARN_CONSTANT_CONVERSION = YES;
				CLANG_WARN_DIRECT_OBJC_ISA_USAGE = YES_ERROR;
				CLANG_WARN_DOCUMENTATION_COMMENTS = YES;
				CLANG_WARN_EMPTY_BODY = YES;
				CLANG_WARN_ENUM_CONVERSION = YES;
				CLANG_WARN_INFINITE_RECURSION = YES;
				CLANG_WARN_INT_CONVERSION = YES;
				CLANG_WARN_NON_LITERAL_NULL_CONVERSION = YES;
				CLANG_WARN_OBJC_LITERAL_CONVERSION = YES;
				CLANG_WARN_OBJC_ROOT_CLASS = YES_ERROR;
				CLANG_WARN_RANGE_LOOP_ANALYSIS = YES;
				CLANG_WARN_STRICT_PROTOTYPES = YES;
				CLANG_WARN_SUSPICIOUS_MOVE = YES;
				CLANG_WARN_UNGUARDED_AVAILABILITY = YES_AGGRESSIVE;
				CLANG_WARN_UNREACHABLE_CODE = YES;
				CLANG_WARN__DUPLICATE_METHOD_MATCH = YES;
				CODE_SIGN_IDENTITY = "iPhone Developer";
				COPY_PHASE_STRIP = NO;
				DEBUG_INFORMATION_FORMAT = dwarf;
				ENABLE_STRICT_OBJC_MSGSEND = YES;
				ENABLE_TESTABILITY = YES;
				GCC_C_LANGUAGE_STANDARD = gnu11;
				GCC_DYNAMIC_NO_PIC = NO;
				GCC_NO_COMMON_BLOCKS = YES;
				GCC_OPTIMIZATION_LEVEL = 0;
				GCC_PREPROCESSOR_DEFINITIONS = (
					"DEBUG=1",
					"$(inherited)",
				);
				GCC_WARN_64_TO_32_BIT_CONVERSION = YES;
				GCC_WARN_ABOUT_RETURN_TYPE = YES_ERROR;
				GCC_WARN_UNDECLARED_SELECTOR = YES;
				GCC_WARN_UNINITIALIZED_AUTOS = YES_AGGRESSIVE;
				GCC_WARN_UNUSED_FUNCTION = YES;
				GCC_WARN_UNUSED_VARIABLE = YES;
				IPHONEOS_DEPLOYMENT_TARGET = 11.0;
				MTL_ENABLE_DEBUG_INFO = YES;
				ONLY_ACTIVE_ARCH = YES;
				SDKROOT = iphoneos;
				SWIFT_ACTIVE_COMPILATION_CONDITIONS = DEBUG;
				SWIFT_OPTIMIZATION_LEVEL = "-Onone";
			};
			name = Debug;
		};
		8942788B1FBF57C20015A622 /* Release */ = {
			isa = XCBuildConfiguration;
			buildSettings = {
				ALWAYS_SEARCH_USER_PATHS = NO;
				CLANG_ANALYZER_NONNULL = YES;
				CLANG_ANALYZER_NUMBER_OBJECT_CONVERSION = YES_AGGRESSIVE;
				CLANG_CXX_LANGUAGE_STANDARD = "gnu++14";
				CLANG_CXX_LIBRARY = "libc++";
				CLANG_ENABLE_MODULES = YES;
				CLANG_ENABLE_OBJC_ARC = YES;
				CLANG_WARN_BLOCK_CAPTURE_AUTORELEASING = YES;
				CLANG_WARN_BOOL_CONVERSION = YES;
				CLANG_WARN_COMMA = YES;
				CLANG_WARN_CONSTANT_CONVERSION = YES;
				CLANG_WARN_DIRECT_OBJC_ISA_USAGE = YES_ERROR;
				CLANG_WARN_DOCUMENTATION_COMMENTS = YES;
				CLANG_WARN_EMPTY_BODY = YES;
				CLANG_WARN_ENUM_CONVERSION = YES;
				CLANG_WARN_INFINITE_RECURSION = YES;
				CLANG_WARN_INT_CONVERSION = YES;
				CLANG_WARN_NON_LITERAL_NULL_CONVERSION = YES;
				CLANG_WARN_OBJC_LITERAL_CONVERSION = YES;
				CLANG_WARN_OBJC_ROOT_CLASS = YES_ERROR;
				CLANG_WARN_RANGE_LOOP_ANALYSIS = YES;
				CLANG_WARN_STRICT_PROTOTYPES = YES;
				CLANG_WARN_SUSPICIOUS_MOVE = YES;
				CLANG_WARN_UNGUARDED_AVAILABILITY = YES_AGGRESSIVE;
				CLANG_WARN_UNREACHABLE_CODE = YES;
				CLANG_WARN__DUPLICATE_METHOD_MATCH = YES;
				CODE_SIGN_IDENTITY = "iPhone Developer";
				COPY_PHASE_STRIP = NO;
				DEBUG_INFORMATION_FORMAT = "dwarf-with-dsym";
				ENABLE_NS_ASSERTIONS = NO;
				ENABLE_STRICT_OBJC_MSGSEND = YES;
				GCC_C_LANGUAGE_STANDARD = gnu11;
				GCC_NO_COMMON_BLOCKS = YES;
				GCC_WARN_64_TO_32_BIT_CONVERSION = YES;
				GCC_WARN_ABOUT_RETURN_TYPE = YES_ERROR;
				GCC_WARN_UNDECLARED_SELECTOR = YES;
				GCC_WARN_UNINITIALIZED_AUTOS = YES_AGGRESSIVE;
				GCC_WARN_UNUSED_FUNCTION = YES;
				GCC_WARN_UNUSED_VARIABLE = YES;
				IPHONEOS_DEPLOYMENT_TARGET = 11.0;
				MTL_ENABLE_DEBUG_INFO = NO;
				SDKROOT = iphoneos;
				SWIFT_OPTIMIZATION_LEVEL = "-Owholemodule";
				VALIDATE_PRODUCT = YES;
			};
			name = Release;
		};
		8942788D1FBF57C20015A622 /* Debug */ = {
			isa = XCBuildConfiguration;
			buildSettings = {
				ASSETCATALOG_COMPILER_APPICON_NAME = AppIcon;
				CODE_SIGN_STYLE = Automatic;
				DEVELOPMENT_TEAM = A36Q464EZV;
				INFOPLIST_FILE = "iosFinal-Chuck/Info.plist";
				LD_RUNPATH_SEARCH_PATHS = "$(inherited) @executable_path/Frameworks";
				PRODUCT_BUNDLE_IDENTIFIER = "coding-dojo.iosFinal-Chuck";
				PRODUCT_NAME = "$(TARGET_NAME)";
				SWIFT_VERSION = 4.0;
				TARGETED_DEVICE_FAMILY = "1,2";
			};
			name = Debug;
		};
		8942788E1FBF57C20015A622 /* Release */ = {
			isa = XCBuildConfiguration;
			buildSettings = {
				ASSETCATALOG_COMPILER_APPICON_NAME = AppIcon;
				CODE_SIGN_STYLE = Automatic;
				DEVELOPMENT_TEAM = A36Q464EZV;
				INFOPLIST_FILE = "iosFinal-Chuck/Info.plist";
				LD_RUNPATH_SEARCH_PATHS = "$(inherited) @executable_path/Frameworks";
				PRODUCT_BUNDLE_IDENTIFIER = "coding-dojo.iosFinal-Chuck";
				PRODUCT_NAME = "$(TARGET_NAME)";
				SWIFT_VERSION = 4.0;
				TARGETED_DEVICE_FAMILY = "1,2";
			};
			name = Release;
		};
/* End XCBuildConfiguration section */

/* Begin XCConfigurationList section */
		894278721FBF57C20015A622 /* Build configuration list for PBXProject "iosFinal-Chuck" */ = {
			isa = XCConfigurationList;
			buildConfigurations = (
				8942788A1FBF57C20015A622 /* Debug */,
				8942788B1FBF57C20015A622 /* Release */,
			);
			defaultConfigurationIsVisible = 0;
			defaultConfigurationName = Release;
		};
		8942788C1FBF57C20015A622 /* Build configuration list for PBXNativeTarget "iosFinal-Chuck" */ = {
			isa = XCConfigurationList;
			buildConfigurations = (
				8942788D1FBF57C20015A622 /* Debug */,
				8942788E1FBF57C20015A622 /* Release */,
			);
			defaultConfigurationIsVisible = 0;
			defaultConfigurationName = Release;
		};
/* End XCConfigurationList section */

/* Begin XCVersionGroup section */
		894278811FBF57C20015A622 /* iosFinal_Chuck.xcdatamodeld */ = {
			isa = XCVersionGroup;
			children = (
				894278821FBF57C20015A622 /* iosFinal_Chuck.xcdatamodel */,
			);
			currentVersion = 894278821FBF57C20015A622 /* iosFinal_Chuck.xcdatamodel */;
			path = iosFinal_Chuck.xcdatamodeld;
			sourceTree = "<group>";
			versionGroupType = wrapper.xcdatamodel;
		};
/* End XCVersionGroup section */
	};
	rootObject = 8942786F1FBF57C20015A622 /* Project object */;
}
